# This file was autogenerated by Stack.
# You should not edit this file by hand.
# For more information, please see the documentation at:
#   https://docs.haskellstack.org/en/stable/lock_files

packages: []
snapshots:
- completed:
    size: 609308
    url: https://raw.githubusercontent.com/commercialhaskell/stackage-snapshots/master/nightly/2022/2/18.yaml
    sha256: ff6915549722dc8a1f79fce89e7fec1407bf52d2d92becbb9d934381937f95e8
  original: nightly-2022-02-18
